
Microsoft Visual Studio Solution File, Format Version 12.00
# Visual Studio Version 17
VisualStudioVersion = 17.13.35931.197 d17.13
MinimumVisualStudioVersion = 10.0.40219.1
Project("{FAE04EC0-301F-11D3-BF4B-00C04F79EFBC}") = "RailAPI", "RailAPI.csproj", "{26EC9132-63AF-4563-BBC6-3AC7AEFE5C5C}"
EndProject
Global
	GlobalSection(SolutionConfigurationPlatforms) = preSolution
		Debug|Any CPU = Debug|Any CPU
		Release|Any CPU = Release|Any CPU
	EndGlobalSection
	GlobalSection(ProjectConfigurationPlatforms) = postSolution
		{26EC9132-63AF-4563-BBC6-3AC7AEFE5C5C}.Debug|Any CPU.ActiveCfg = Debug|Any CPU
		{26EC9132-63AF-4563-BBC6-3AC7AEFE5C5C}.Debug|Any CPU.Build.0 = Debug|Any CPU
		{26EC9132-63AF-4563-BBC6-3AC7AEFE5C5C}.Release|Any CPU.ActiveCfg = Release|Any CPU
		{26EC9132-63AF-4563-BBC6-3AC7AEFE5C5C}.Release|Any CPU.Build.0 = Release|Any CPU
	EndGlobalSection
	GlobalSection(SolutionProperties) = preSolution
		HideSolutionNode = FALSE
	EndGlobalSection
	GlobalSection(ExtensibilityGlobals) = postSolution
		SolutionGuid = {F9E6DB6F-24F3-4BC9-BAF8-D98F8C7BD64A}
	EndGlobalSection
EndGlobal
